
Microsoft Visual Studio Solution File, Format Version 12.00
# Visual Studio Version 17
VisualStudioVersion = 17.8.34525.116
MinimumVisualStudioVersion = 10.0.40219.1
Project("{FAE04EC0-301F-11D3-BF4B-00C04F79EFBC}") = "carousel.Android", "carousel.Android\carousel.Android.csproj", "{673383B3-1921-4D28-977F-A6023AF4A85F}"
EndProject
Project("{FAE04EC0-301F-11D3-BF4B-00C04F79EFBC}") = "carousel.iOS", "carousel.iOS\carousel.iOS.csproj", "{B1698BBF-311B-485E-8B30-EAF662B29D20}"
EndProject
Project("{FAE04EC0-301F-11D3-BF4B-00C04F79EFBC}") = "carousel", "carousel\carousel.csproj", "{3277D293-01BA-481D-91D1-B9B08F77CBD2}"
EndProject
Global
	GlobalSection(SolutionConfigurationPlatforms) = preSolution
		Debug|Any CPU = Debug|Any CPU
		Debug|iPhone = Debug|iPhone
		Debug|iPhoneSimulator = Debug|iPhoneSimulator
		Release|Any CPU = Release|Any CPU
		Release|iPhone = Release|iPhone
		Release|iPhoneSimulator = Release|iPhoneSimulator
	EndGlobalSection
	GlobalSection(ProjectConfigurationPlatforms) = postSolution
		{673383B3-1921-4D28-977F-A6023AF4A85F}.Debug|Any CPU.ActiveCfg = Debug|Any CPU
		{673383B3-1921-4D28-977F-A6023AF4A85F}.Debug|Any CPU.Build.0 = Debug|Any CPU
		{673383B3-1921-4D28-977F-A6023AF4A85F}.Debug|Any CPU.Deploy.0 = Debug|Any CPU
		{673383B3-1921-4D28-977F-A6023AF4A85F}.Debug|iPhone.ActiveCfg = Debug|Any CPU
		{673383B3-1921-4D28-977F-A6023AF4A85F}.Debug|iPhone.Build.0 = Debug|Any CPU
		{673383B3-1921-4D28-977F-A6023AF4A85F}.Debug|iPhone.Deploy.0 = Debug|Any CPU
		{673383B3-1921-4D28-977F-A6023AF4A85F}.Debug|iPhoneSimulator.ActiveCfg = Debug|Any CPU
		{673383B3-1921-4D28-977F-A6023AF4A85F}.Debug|iPhoneSimulator.Build.0 = Debug|Any CPU
		{673383B3-1921-4D28-977F-A6023AF4A85F}.Debug|iPhoneSimulator.Deploy.0 = Debug|Any CPU
		{673383B3-1921-4D28-977F-A6023AF4A85F}.Release|Any CPU.ActiveCfg = Release|Any CPU
		{673383B3-1921-4D28-977F-A6023AF4A85F}.Release|Any CPU.Build.0 = Release|Any CPU
		{673383B3-1921-4D28-977F-A6023AF4A85F}.Release|Any CPU.Deploy.0 = Release|Any CPU
		{673383B3-1921-4D28-977F-A6023AF4A85F}.Release|iPhone.ActiveCfg = Release|Any CPU
		{673383B3-1921-4D28-977F-A6023AF4A85F}.Release|iPhone.Build.0 = Release|Any CPU
		{673383B3-1921-4D28-977F-A6023AF4A85F}.Release|iPhone.Deploy.0 = Release|Any CPU
		{673383B3-1921-4D28-977F-A6023AF4A85F}.Release|iPhoneSimulator.ActiveCfg = Release|Any CPU
		{673383B3-1921-4D28-977F-A6023AF4A85F}.Release|iPhoneSimulator.Build.0 = Release|Any CPU
		{673383B3-1921-4D28-977F-A6023AF4A85F}.Release|iPhoneSimulator.Deploy.0 = Release|Any CPU
		{B1698BBF-311B-485E-8B30-EAF662B29D20}.Debug|Any CPU.ActiveCfg = Debug|iPhone
		{B1698BBF-311B-485E-8B30-EAF662B29D20}.Debug|Any CPU.Build.0 = Debug|iPhone
		{B1698BBF-311B-485E-8B30-EAF662B29D20}.Debug|Any CPU.Deploy.0 = Debug|iPhone
		{B1698BBF-311B-485E-8B30-EAF662B29D20}.Debug|iPhone.ActiveCfg = Debug|iPhone
		{B1698BBF-311B-485E-8B30-EAF662B29D20}.Debug|iPhone.Build.0 = Debug|iPhone
		{B1698BBF-311B-485E-8B30-EAF662B29D20}.Debug|iPhone.Deploy.0 = Debug|iPhone
		{B1698BBF-311B-485E-8B30-EAF662B29D20}.Debug|iPhoneSimulator.ActiveCfg = Debug|iPhoneSimulator
		{B1698BBF-311B-485E-8B30-EAF662B29D20}.Debug|iPhoneSimulator.Build.0 = Debug|iPhoneSimulator
		{B1698BBF-311B-485E-8B30-EAF662B29D20}.Debug|iPhoneSimulator.Deploy.0 = Debug|iPhoneSimulator
		{B1698BBF-311B-485E-8B30-EAF662B29D20}.Release|Any CPU.ActiveCfg = Release|iPhoneSimulator
		{B1698BBF-311B-485E-8B30-EAF662B29D20}.Release|Any CPU.Build.0 = Release|iPhoneSimulator
		{B1698BBF-311B-485E-8B30-EAF662B29D20}.Release|Any CPU.Deploy.0 = Release|iPhoneSimulator
		{B1698BBF-311B-485E-8B30-EAF662B29D20}.Release|iPhone.ActiveCfg = Release|iPhone
		{B1698BBF-311B-485E-8B30-EAF662B29D20}.Release|iPhone.Build.0 = Release|iPhone
		{B1698BBF-311B-485E-8B30-EAF662B29D20}.Release|iPhone.Deploy.0 = Release|iPhone
		{B1698BBF-311B-485E-8B30-EAF662B29D20}.Release|iPhoneSimulator.ActiveCfg = Release|iPhoneSimulator
		{B1698BBF-311B-485E-8B30-EAF662B29D20}.Release|iPhoneSimulator.Build.0 = Release|iPhoneSimulator
		{B1698BBF-311B-485E-8B30-EAF662B29D20}.Release|iPhoneSimulator.Deploy.0 = Release|iPhoneSimulator
		{3277D293-01BA-481D-91D1-B9B08F77CBD2}.Debug|Any CPU.ActiveCfg = Debug|Any CPU
		{3277D293-01BA-481D-91D1-B9B08F77CBD2}.Debug|Any CPU.Build.0 = Debug|Any CPU
		{3277D293-01BA-481D-91D1-B9B08F77CBD2}.Debug|Any CPU.Deploy.0 = Debug|Any CPU
		{3277D293-01BA-481D-91D1-B9B08F77CBD2}.Debug|iPhone.ActiveCfg = Debug|Any CPU
		{3277D293-01BA-481D-91D1-B9B08F77CBD2}.Debug|iPhone.Build.0 = Debug|Any CPU
		{3277D293-01BA-481D-91D1-B9B08F77CBD2}.Debug|iPhone.Deploy.0 = Debug|Any CPU
		{3277D293-01BA-481D-91D1-B9B08F77CBD2}.Debug|iPhoneSimulator.ActiveCfg = Debug|Any CPU
		{3277D293-01BA-481D-91D1-B9B08F77CBD2}.Debug|iPhoneSimulator.Build.0 = Debug|Any CPU
		{3277D293-01BA-481D-91D1-B9B08F77CBD2}.Debug|iPhoneSimulator.Deploy.0 = Debug|Any CPU
		{3277D293-01BA-481D-91D1-B9B08F77CBD2}.Release|Any CPU.ActiveCfg = Release|Any CPU
		{3277D293-01BA-481D-91D1-B9B08F77CBD2}.Release|Any CPU.Build.0 = Release|Any CPU
		{3277D293-01BA-481D-91D1-B9B08F77CBD2}.Release|Any CPU.Deploy.0 = Release|Any CPU
		{3277D293-01BA-481D-91D1-B9B08F77CBD2}.Release|iPhone.ActiveCfg = Release|Any CPU
		{3277D293-01BA-481D-91D1-B9B08F77CBD2}.Release|iPhone.Build.0 = Release|Any CPU
		{3277D293-01BA-481D-91D1-B9B08F77CBD2}.Release|iPhone.Deploy.0 = Release|Any CPU
		{3277D293-01BA-481D-91D1-B9B08F77CBD2}.Release|iPhoneSimulator.ActiveCfg = Release|Any CPU
		{3277D293-01BA-481D-91D1-B9B08F77CBD2}.Release|iPhoneSimulator.Build.0 = Release|Any CPU
		{3277D293-01BA-481D-91D1-B9B08F77CBD2}.Release|iPhoneSimulator.Deploy.0 = Release|Any CPU
	EndGlobalSection
	GlobalSection(SolutionProperties) = preSolution
		HideSolutionNode = FALSE
	EndGlobalSection
	GlobalSection(ExtensibilityGlobals) = postSolution
		SolutionGuid = {4F0E5266-0EB3-4292-8F46-893C05606B18}
	EndGlobalSection
EndGlobal
